
Microsoft Visual Studio Solution File, Format Version 12.00
Project("{FAE04EC0-301F-11D3-BF4B-00C04F79EFBC}") = "TestElasticSearch", "TestElasticSearch\TestElasticSearch.csproj", "{559B71AA-A437-4A70-B650-45FB7CBA1B03}"
EndProject
Project("{FAE04EC0-301F-11D3-BF4B-00C04F79EFBC}") = "TestElasticSearch.Tests", "TestElasticSearch.Tests\TestElasticSearch.Tests.csproj", "{CED7195D-8E00-4CB9-9E51-FC97797DAE13}"
EndProject
Global
	GlobalSection(SolutionConfigurationPlatforms) = preSolution
		Debug|Any CPU = Debug|Any CPU
		Release|Any CPU = Release|Any CPU
	EndGlobalSection
	GlobalSection(ProjectConfigurationPlatforms) = postSolution
		{559B71AA-A437-4A70-B650-45FB7CBA1B03}.Debug|Any CPU.ActiveCfg = Debug|Any CPU
		{559B71AA-A437-4A70-B650-45FB7CBA1B03}.Debug|Any CPU.Build.0 = Debug|Any CPU
		{559B71AA-A437-4A70-B650-45FB7CBA1B03}.Release|Any CPU.ActiveCfg = Release|Any CPU
		{559B71AA-A437-4A70-B650-45FB7CBA1B03}.Release|Any CPU.Build.0 = Release|Any CPU
		{CED7195D-8E00-4CB9-9E51-FC97797DAE13}.Debug|Any CPU.ActiveCfg = Debug|Any CPU
		{CED7195D-8E00-4CB9-9E51-FC97797DAE13}.Debug|Any CPU.Build.0 = Debug|Any CPU
		{CED7195D-8E00-4CB9-9E51-FC97797DAE13}.Release|Any CPU.ActiveCfg = Release|Any CPU
		{CED7195D-8E00-4CB9-9E51-FC97797DAE13}.Release|Any CPU.Build.0 = Release|Any CPU
	EndGlobalSection
EndGlobal
